<?xml version="1.0" encoding="utf-8"?>
<Project ToolsVersion="4.0" xmlns="http://schemas.microsoft.com/developer/msbuild/2003">
  <ItemGroup>
    <ClCompile Include="src\GameStart\GameStart.cpp" />
    <ClCompile Include="src\MainLoop\MainLoop.cpp" />
    <ClCompile Include="src\ResourceCounter\ResourceCounter.cpp" />
    <ClCompile Include="src\Scoring\Scoring.cpp" />
    <ClCompile Include="src\MapLoader\MapLoader.cpp" />
    <ClCompile Include="src\GBMaps\GBMap.cpp" />
    <ClCompile Include="src\Player\Player.cpp" />
    <ClCompile Include="src\Resources\Resources.cpp" />
    <ClCompile Include="src\Source.cpp" />
    <ClCompile Include="src\VGMaps\VGMap.cpp" />
    <ClCompile Include="src\MainLoop\TurnSequence.cpp" />
    <ClCompile Include="src\Helpers\Graph.cpp" />
    <ClCompile Include="src\EndGame\EndGame.cpp" />
    <ClCompile Include="src\Observer\GameObservers.cpp" />
    <ClCompile Include="src\Game\Game.cpp" />
  </ItemGroup>
  <ItemGroup>
    <ClInclude Include="src\GameStart\GameStart.h" />
    <ClInclude Include="src\MainLoop\MainLoop.h" />
    <ClInclude Include="src\ResourceCounter\ResourceCounter.h" />
    <ClInclude Include="src\Scoring\Scoring.h" />
    <ClInclude Include="src\MapLoader\MapLoader.h" />
    <ClInclude Include="src\GBMaps\GBMap.h" />
    <ClInclude Include="src\Player\Player.h" />
    <ClInclude Include="src\VGMaps\VGMap.h" />
    <ClInclude Include="src\Resources\Resources.h" />
    <ClInclude Include="src\MainLoop\TurnSequence.h" />
    <ClInclude Include="src\Helpers\Graph.h" />
    <ClInclude Include="src\EndGame\EndGame.h" />
    <ClInclude Include="src\Observer\GameObservers.h" />
    <ClInclude Include="src\Game\Game.h" />
    <ClInclude Include="src\Helpers\StrConversion.h" />
  </ItemGroup>
  <ItemGroup>
    <Image Include="src\Files\textures\newhaven.jpg" />
  </ItemGroup>
  <ItemGroup>
    <Font Include="src\Other Files\fonts\Blacklisted.ttf" />
  </ItemGroup>
  <ItemGroup>
    <Text Include="src\Other Files\2player.txt" />
    <Text Include="src\Other Files\3player.txt" />
    <Text Include="src\Other Files\4player.txt" />
    <Text Include="src\Other Files\InvalidTileFormat.txt" />
    <Text Include="src\Other Files\MissingEnd.txt" />
    <Text Include="src\Other Files\NoTiles.txt" />
  </ItemGroup>
</Project>