<?xml version="1.0" encoding="utf-8"?>
<Project ToolsVersion="4.0" xmlns="http://schemas.microsoft.com/developer/msbuild/2003">
  <ItemGroup>
    <Filter Include="Source Files">
      <UniqueIdentifier>{4FC737F1-C7A5-4376-A066-2A32D752A2FF}</UniqueIdentifier>
      <Extensions>cpp;c;cc;cxx;def;odl;idl;hpj;bat;asm;asmx</Extensions>
    </Filter>
    <Filter Include="Header Files">
      <UniqueIdentifier>{93995380-89BD-4b04-88EB-625FBE52EBFB}</UniqueIdentifier>
      <Extensions>h;hh;hpp;hxx;hm;inl;inc;ipp;xsd</Extensions>
    </Filter>
    <Filter Include="Resource Files">
      <UniqueIdentifier>{67DA6AB6-F800-4c08-8B7A-83BB121AAD01}</UniqueIdentifier>
      <Extensions>rc;ico;cur;bmp;dlg;rc2;rct;bin;rgs;gif;jpg;jpeg;jpe;resx;tiff;tif;png;wav;mfcribbon-ms</Extensions>
    </Filter>
    <Filter Include="Source Files\Resources">
      <UniqueIdentifier>{3b663dbd-8491-4cd4-9a09-7875e04f76a5}</UniqueIdentifier>
    </Filter>
    <Filter Include="Source Files\MapLoader">
      <UniqueIdentifier>{b1484466-d6a8-4512-b56a-eaf3695aa03f}</UniqueIdentifier>
    </Filter>
    <Filter Include="Resource Files\Maps">
      <UniqueIdentifier>{557e61ee-f79b-4d87-afa9-b8e8894cc6ef}</UniqueIdentifier>
    </Filter>
    <Filter Include="Source Files\Player">
      <UniqueIdentifier>{d97bb00f-37fb-4024-bb70-bcadc5bf1c58}</UniqueIdentifier>
    </Filter>
    <Filter Include="Source Files\GBMap">
      <UniqueIdentifier>{814ff6c8-d74e-4b75-b5f4-1399d7c7f9a3}</UniqueIdentifier>
    </Filter>
    <Filter Include="Source Files\VBMap">
      <UniqueIdentifier>{1dd10163-c5bb-4eef-9d40-a39df0d66c08}</UniqueIdentifier>
    </Filter>
  </ItemGroup>
  <ItemGroup>
    <ClCompile Include="src\Source.cpp">
      <Filter>Source Files</Filter>
    </ClCompile>
    <ClCompile Include="src\Resources\Resources.cpp">
      <Filter>Source Files\Resources</Filter>
    </ClCompile>
    <ClCompile Include="src\MapLoader\MapLoader.cpp">
      <Filter>Source Files\MapLoader</Filter>
    </ClCompile>
    <ClCompile Include="src\Player\Player.cpp">
      <Filter>Source Files\Player</Filter>
    </ClCompile>
    <ClCompile Include="src\GBMaps\GBMap.cpp">
      <Filter>Source Files\GBMap</Filter>
    </ClCompile>
    <ClCompile Include="src\VGMaps\VGMap.cpp">
      <Filter>Source Files\VBMap</Filter>
    </ClCompile>
  </ItemGroup>
  <ItemGroup>
    <ClInclude Include="src\Resources\Resources.h">
      <Filter>Header Files</Filter>
    </ClInclude>
    <ClInclude Include="src\MapLoader\MapLoader.h">
      <Filter>Header Files</Filter>
    </ClInclude>
    <ClInclude Include="src\Player\Player.h">
      <Filter>Header Files</Filter>
    </ClInclude>
  </ItemGroup>
  <ItemGroup>
    <ClInclude Include="src\GBMaps\GBMap.h">
      <Filter>Header Files</Filter>
    </ClInclude>
    <ClInclude Include="src\VGMaps\VGMap.h">
      <Filter>Header Files</Filter>
    </ClInclude>
  </ItemGroup>
  <ItemGroup>
    <Text Include="src\Maps\2player.txt">
      <Filter>Resource Files\Maps</Filter>
    </Text>
    <Text Include="src\Maps\3player.txt">
      <Filter>Resource Files\Maps</Filter>
    </Text>
    <Text Include="src\Maps\4player.txt">
      <Filter>Resource Files\Maps</Filter>
    </Text>
    <Text Include="src\Maps\InvalidTileFormat.txt">
      <Filter>Resource Files\Maps</Filter>
    </Text>
    <Text Include="src\Maps\MissingEnd.txt">
      <Filter>Resource Files\Maps</Filter>
    </Text>
    <Text Include="src\Maps\NoTiles.txt">
      <Filter>Resource Files\Maps</Filter>
    </Text>
  </ItemGroup>
</Project>